
Microsoft Visual Studio Solution File, Format Version 12.00
# Visual Studio 2012
Project("{8BC9CEB8-8B4A-11D0-8D11-00A0C91BC942}") = "Geometry", "Geometry\Geometry.vcxproj", "{5CB42A77-F58D-42F3-AC32-6EA8E9636BDE}"
EndProject
Project("{8BC9CEB8-8B4A-11D0-8D11-00A0C91BC942}") = "Math", "Math\Math.vcxproj", "{CCDC71AC-9E4F-4B04-A64F-C6F4A3B70F95}"
EndProject
Project("{8BC9CEB8-8B4A-11D0-8D11-00A0C91BC942}") = "Stack", "Stack\Stack.vcxproj", "{54011C03-5754-480D-8FB2-F5B6485A9934}"
EndProject
Project("{8BC9CEB8-8B4A-11D0-8D11-00A0C91BC942}") = "Expr", "Expr\Expr.vcxproj", "{5050D29A-7987-4C70-BA79-5A876A5A962D}"
EndProject
Project("{8BC9CEB8-8B4A-11D0-8D11-00A0C91BC942}") = "Student", "Student\Student.vcxproj", "{5097A489-B40C-4896-B1E6-1B4F5CDF3326}"
EndProject
Project("{8BC9CEB8-8B4A-11D0-8D11-00A0C91BC942}") = "Humans", "Humans\Humans.vcxproj", "{F48CCB1B-4B78-412F-AD60-2C6300F817DF}"
EndProject
Project("{8BC9CEB8-8B4A-11D0-8D11-00A0C91BC942}") = "Test", "Test\Test.vcxproj", "{B32C8455-0948-4E0A-8F81-152E562E04B7}"
EndProject
Project("{8BC9CEB8-8B4A-11D0-8D11-00A0C91BC942}") = "Template", "Template\Template.vcxproj", "{C3BDA0CA-C313-4E04-8A22-BBAD21EE23C0}"
EndProject
Project("{8BC9CEB8-8B4A-11D0-8D11-00A0C91BC942}") = "FunctionTemplate", "FunctionTemplate\FunctionTemplate.vcxproj", "{7AB4E5B9-F0B9-4CE2-ABE1-1653D0DE2C85}"
EndProject
Project("{8BC9CEB8-8B4A-11D0-8D11-00A0C91BC942}") = "Customer", "Customer\Customer.vcxproj", "{C4BA7FF3-7506-4672-801F-25E6F7A89F06}"
EndProject
Project("{8BC9CEB8-8B4A-11D0-8D11-00A0C91BC942}") = "Cattle", "Cattle\Cattle.vcxproj", "{0BB28BB3-36AD-4BD3-8AF6-2AF5CB96BBAF}"
EndProject
Project("{8BC9CEB8-8B4A-11D0-8D11-00A0C91BC942}") = "Queue", "Queue\Queue.vcxproj", "{59BF7388-F082-4B6B-AB5C-882F335194DE}"
EndProject
Project("{8BC9CEB8-8B4A-11D0-8D11-00A0C91BC942}") = "List", "List\List.vcxproj", "{D21F981B-A734-451B-890F-232FE398EDA9}"
EndProject
Project("{8BC9CEB8-8B4A-11D0-8D11-00A0C91BC942}") = "Polynomial", "Polynomial\Polynomial.vcxproj", "{848E22E4-495B-416F-BD26-06B3A16119F4}"
EndProject
Project("{8BC9CEB8-8B4A-11D0-8D11-00A0C91BC942}") = "Rectangle", "Rectangle\Rectangle.vcxproj", "{5E46A34A-1F1F-4787-85B4-16C03DC50E03}"
EndProject
Project("{8BC9CEB8-8B4A-11D0-8D11-00A0C91BC942}") = "Hotel", "Hotel\Hotel.vcxproj", "{5A3E5E16-45E3-4B4E-8154-6F60B05A69EA}"
EndProject
Project("{8BC9CEB8-8B4A-11D0-8D11-00A0C91BC942}") = "Draw", "Draw\Draw.vcxproj", "{729787C6-4A19-47B2-863C-798C0968F32F}"
EndProject
Project("{8BC9CEB8-8B4A-11D0-8D11-00A0C91BC942}") = "Time", "Time\Time.vcxproj", "{8668C320-095E-4CD6-9A46-36F352B0F5E9}"
EndProject
Project("{2150E333-8FDC-42A3-9474-1A3956D46DE8}") = "1.Geometry", "1.Geometry", "{1D3DFCF7-4A22-45F0-AB76-73CDEEB8CEE7}"
EndProject
Project("{2150E333-8FDC-42A3-9474-1A3956D46DE8}") = "2.Stack", "2.Stack", "{E00057FB-3143-4DFE-8C7B-6154F32B6C3B}"
EndProject
Project("{2150E333-8FDC-42A3-9474-1A3956D46DE8}") = "3.Time", "3.Time", "{51326132-CDF3-498C-BE27-50E14F20765E}"
EndProject
Project("{2150E333-8FDC-42A3-9474-1A3956D46DE8}") = "4.Math", "4.Math", "{180E9F3A-229D-4D42-A38C-7A9DCCE53B18}"
EndProject
Project("{2150E333-8FDC-42A3-9474-1A3956D46DE8}") = "5.Test", "5.Test", "{2C13E0A1-477E-4774-BFF4-C628BB3E15E3}"
EndProject
Project("{2150E333-8FDC-42A3-9474-1A3956D46DE8}") = "6.Student", "6.Student", "{780E3158-5DE2-48C5-9EEA-F282B497DCC5}"
EndProject
Project("{2150E333-8FDC-42A3-9474-1A3956D46DE8}") = "7.Draw", "7.Draw", "{5036B6BF-F8A4-4187-AE3E-E4D2EF8087D4}"
EndProject
Project("{2150E333-8FDC-42A3-9474-1A3956D46DE8}") = "8.Farm", "8.Farm", "{E44795CC-549C-465C-AD73-DC79AB90D343}"
EndProject
Project("{2150E333-8FDC-42A3-9474-1A3956D46DE8}") = "9.Template", "9.Template", "{10C6F356-7141-494C-9505-C1B4EE0C1CBE}"
EndProject
Project("{2150E333-8FDC-42A3-9474-1A3956D46DE8}") = "10.Customer", "10.Customer", "{1C22EC72-EE23-4FF8-89A8-4C02D58D829A}"
EndProject
Project("{2150E333-8FDC-42A3-9474-1A3956D46DE8}") = "11.Hotel", "11.Hotel", "{28B87849-2406-428B-85CF-E46C950CD53D}"
EndProject
Project("{2150E333-8FDC-42A3-9474-1A3956D46DE8}") = "12.Final", "12.Final", "{F04EDF63-8E60-4D0A-8431-5CC3C77E1329}"
EndProject
Global
	GlobalSection(SolutionConfigurationPlatforms) = preSolution
		Debug|Win32 = Debug|Win32
		Release|Win32 = Release|Win32
	EndGlobalSection
	GlobalSection(ProjectConfigurationPlatforms) = postSolution
		{5CB42A77-F58D-42F3-AC32-6EA8E9636BDE}.Debug|Win32.ActiveCfg = Debug|Win32
		{5CB42A77-F58D-42F3-AC32-6EA8E9636BDE}.Debug|Win32.Build.0 = Debug|Win32
		{5CB42A77-F58D-42F3-AC32-6EA8E9636BDE}.Release|Win32.ActiveCfg = Release|Win32
		{5CB42A77-F58D-42F3-AC32-6EA8E9636BDE}.Release|Win32.Build.0 = Release|Win32
		{CCDC71AC-9E4F-4B04-A64F-C6F4A3B70F95}.Debug|Win32.ActiveCfg = Debug|Win32
		{CCDC71AC-9E4F-4B04-A64F-C6F4A3B70F95}.Debug|Win32.Build.0 = Debug|Win32
		{CCDC71AC-9E4F-4B04-A64F-C6F4A3B70F95}.Release|Win32.ActiveCfg = Release|Win32
		{CCDC71AC-9E4F-4B04-A64F-C6F4A3B70F95}.Release|Win32.Build.0 = Release|Win32
		{54011C03-5754-480D-8FB2-F5B6485A9934}.Debug|Win32.ActiveCfg = Debug|Win32
		{54011C03-5754-480D-8FB2-F5B6485A9934}.Debug|Win32.Build.0 = Debug|Win32
		{54011C03-5754-480D-8FB2-F5B6485A9934}.Release|Win32.ActiveCfg = Release|Win32
		{54011C03-5754-480D-8FB2-F5B6485A9934}.Release|Win32.Build.0 = Release|Win32
		{5050D29A-7987-4C70-BA79-5A876A5A962D}.Debug|Win32.ActiveCfg = Debug|Win32
		{5050D29A-7987-4C70-BA79-5A876A5A962D}.Debug|Win32.Build.0 = Debug|Win32
		{5050D29A-7987-4C70-BA79-5A876A5A962D}.Release|Win32.ActiveCfg = Release|Win32
		{5050D29A-7987-4C70-BA79-5A876A5A962D}.Release|Win32.Build.0 = Release|Win32
		{5097A489-B40C-4896-B1E6-1B4F5CDF3326}.Debug|Win32.ActiveCfg = Debug|Win32
		{5097A489-B40C-4896-B1E6-1B4F5CDF3326}.Debug|Win32.Build.0 = Debug|Win32
		{5097A489-B40C-4896-B1E6-1B4F5CDF3326}.Release|Win32.ActiveCfg = Release|Win32
		{5097A489-B40C-4896-B1E6-1B4F5CDF3326}.Release|Win32.Build.0 = Release|Win32
		{F48CCB1B-4B78-412F-AD60-2C6300F817DF}.Debug|Win32.ActiveCfg = Debug|Win32
		{F48CCB1B-4B78-412F-AD60-2C6300F817DF}.Debug|Win32.Build.0 = Debug|Win32
		{F48CCB1B-4B78-412F-AD60-2C6300F817DF}.Release|Win32.ActiveCfg = Release|Win32
		{F48CCB1B-4B78-412F-AD60-2C6300F817DF}.Release|Win32.Build.0 = Release|Win32
		{B32C8455-0948-4E0A-8F81-152E562E04B7}.Debug|Win32.ActiveCfg = Debug|Win32
		{B32C8455-0948-4E0A-8F81-152E562E04B7}.Debug|Win32.Build.0 = Debug|Win32
		{B32C8455-0948-4E0A-8F81-152E562E04B7}.Release|Win32.ActiveCfg = Release|Win32
		{B32C8455-0948-4E0A-8F81-152E562E04B7}.Release|Win32.Build.0 = Release|Win32
		{C3BDA0CA-C313-4E04-8A22-BBAD21EE23C0}.Debug|Win32.ActiveCfg = Debug|Win32
		{C3BDA0CA-C313-4E04-8A22-BBAD21EE23C0}.Debug|Win32.Build.0 = Debug|Win32
		{C3BDA0CA-C313-4E04-8A22-BBAD21EE23C0}.Release|Win32.ActiveCfg = Release|Win32
		{C3BDA0CA-C313-4E04-8A22-BBAD21EE23C0}.Release|Win32.Build.0 = Release|Win32
		{7AB4E5B9-F0B9-4CE2-ABE1-1653D0DE2C85}.Debug|Win32.ActiveCfg = Debug|Win32
		{7AB4E5B9-F0B9-4CE2-ABE1-1653D0DE2C85}.Debug|Win32.Build.0 = Debug|Win32
		{7AB4E5B9-F0B9-4CE2-ABE1-1653D0DE2C85}.Release|Win32.ActiveCfg = Release|Win32
		{7AB4E5B9-F0B9-4CE2-ABE1-1653D0DE2C85}.Release|Win32.Build.0 = Release|Win32
		{C4BA7FF3-7506-4672-801F-25E6F7A89F06}.Debug|Win32.ActiveCfg = Debug|Win32
		{C4BA7FF3-7506-4672-801F-25E6F7A89F06}.Debug|Win32.Build.0 = Debug|Win32
		{C4BA7FF3-7506-4672-801F-25E6F7A89F06}.Release|Win32.ActiveCfg = Release|Win32
		{C4BA7FF3-7506-4672-801F-25E6F7A89F06}.Release|Win32.Build.0 = Release|Win32
		{0BB28BB3-36AD-4BD3-8AF6-2AF5CB96BBAF}.Debug|Win32.ActiveCfg = Debug|Win32
		{0BB28BB3-36AD-4BD3-8AF6-2AF5CB96BBAF}.Debug|Win32.Build.0 = Debug|Win32
		{0BB28BB3-36AD-4BD3-8AF6-2AF5CB96BBAF}.Release|Win32.ActiveCfg = Release|Win32
		{0BB28BB3-36AD-4BD3-8AF6-2AF5CB96BBAF}.Release|Win32.Build.0 = Release|Win32
		{59BF7388-F082-4B6B-AB5C-882F335194DE}.Debug|Win32.ActiveCfg = Debug|Win32
		{59BF7388-F082-4B6B-AB5C-882F335194DE}.Debug|Win32.Build.0 = Debug|Win32
		{59BF7388-F082-4B6B-AB5C-882F335194DE}.Release|Win32.ActiveCfg = Release|Win32
		{59BF7388-F082-4B6B-AB5C-882F335194DE}.Release|Win32.Build.0 = Release|Win32
		{D21F981B-A734-451B-890F-232FE398EDA9}.Debug|Win32.ActiveCfg = Debug|Win32
		{D21F981B-A734-451B-890F-232FE398EDA9}.Debug|Win32.Build.0 = Debug|Win32
		{D21F981B-A734-451B-890F-232FE398EDA9}.Release|Win32.ActiveCfg = Release|Win32
		{D21F981B-A734-451B-890F-232FE398EDA9}.Release|Win32.Build.0 = Release|Win32
		{848E22E4-495B-416F-BD26-06B3A16119F4}.Debug|Win32.ActiveCfg = Debug|Win32
		{848E22E4-495B-416F-BD26-06B3A16119F4}.Debug|Win32.Build.0 = Debug|Win32
		{848E22E4-495B-416F-BD26-06B3A16119F4}.Release|Win32.ActiveCfg = Release|Win32
		{848E22E4-495B-416F-BD26-06B3A16119F4}.Release|Win32.Build.0 = Release|Win32
		{5E46A34A-1F1F-4787-85B4-16C03DC50E03}.Debug|Win32.ActiveCfg = Debug|Win32
		{5E46A34A-1F1F-4787-85B4-16C03DC50E03}.Debug|Win32.Build.0 = Debug|Win32
		{5E46A34A-1F1F-4787-85B4-16C03DC50E03}.Release|Win32.ActiveCfg = Release|Win32
		{5E46A34A-1F1F-4787-85B4-16C03DC50E03}.Release|Win32.Build.0 = Release|Win32
		{5A3E5E16-45E3-4B4E-8154-6F60B05A69EA}.Debug|Win32.ActiveCfg = Debug|Win32
		{5A3E5E16-45E3-4B4E-8154-6F60B05A69EA}.Debug|Win32.Build.0 = Debug|Win32
		{5A3E5E16-45E3-4B4E-8154-6F60B05A69EA}.Release|Win32.ActiveCfg = Release|Win32
		{5A3E5E16-45E3-4B4E-8154-6F60B05A69EA}.Release|Win32.Build.0 = Release|Win32
		{729787C6-4A19-47B2-863C-798C0968F32F}.Debug|Win32.ActiveCfg = Debug|Win32
		{729787C6-4A19-47B2-863C-798C0968F32F}.Debug|Win32.Build.0 = Debug|Win32
		{729787C6-4A19-47B2-863C-798C0968F32F}.Release|Win32.ActiveCfg = Release|Win32
		{729787C6-4A19-47B2-863C-798C0968F32F}.Release|Win32.Build.0 = Release|Win32
		{8668C320-095E-4CD6-9A46-36F352B0F5E9}.Debug|Win32.ActiveCfg = Debug|Win32
		{8668C320-095E-4CD6-9A46-36F352B0F5E9}.Debug|Win32.Build.0 = Debug|Win32
		{8668C320-095E-4CD6-9A46-36F352B0F5E9}.Release|Win32.ActiveCfg = Release|Win32
		{8668C320-095E-4CD6-9A46-36F352B0F5E9}.Release|Win32.Build.0 = Release|Win32
	EndGlobalSection
	GlobalSection(SolutionProperties) = preSolution
		HideSolutionNode = FALSE
	EndGlobalSection
	GlobalSection(NestedProjects) = preSolution
		{5CB42A77-F58D-42F3-AC32-6EA8E9636BDE} = {1D3DFCF7-4A22-45F0-AB76-73CDEEB8CEE7}
		{54011C03-5754-480D-8FB2-F5B6485A9934} = {E00057FB-3143-4DFE-8C7B-6154F32B6C3B}
		{59BF7388-F082-4B6B-AB5C-882F335194DE} = {E00057FB-3143-4DFE-8C7B-6154F32B6C3B}
		{D21F981B-A734-451B-890F-232FE398EDA9} = {E00057FB-3143-4DFE-8C7B-6154F32B6C3B}
		{8668C320-095E-4CD6-9A46-36F352B0F5E9} = {51326132-CDF3-498C-BE27-50E14F20765E}
		{CCDC71AC-9E4F-4B04-A64F-C6F4A3B70F95} = {180E9F3A-229D-4D42-A38C-7A9DCCE53B18}
		{5050D29A-7987-4C70-BA79-5A876A5A962D} = {180E9F3A-229D-4D42-A38C-7A9DCCE53B18}
		{B32C8455-0948-4E0A-8F81-152E562E04B7} = {2C13E0A1-477E-4774-BFF4-C628BB3E15E3}
		{5097A489-B40C-4896-B1E6-1B4F5CDF3326} = {780E3158-5DE2-48C5-9EEA-F282B497DCC5}
		{F48CCB1B-4B78-412F-AD60-2C6300F817DF} = {780E3158-5DE2-48C5-9EEA-F282B497DCC5}
		{729787C6-4A19-47B2-863C-798C0968F32F} = {5036B6BF-F8A4-4187-AE3E-E4D2EF8087D4}
		{0BB28BB3-36AD-4BD3-8AF6-2AF5CB96BBAF} = {E44795CC-549C-465C-AD73-DC79AB90D343}
		{C3BDA0CA-C313-4E04-8A22-BBAD21EE23C0} = {10C6F356-7141-494C-9505-C1B4EE0C1CBE}
		{7AB4E5B9-F0B9-4CE2-ABE1-1653D0DE2C85} = {10C6F356-7141-494C-9505-C1B4EE0C1CBE}
		{C4BA7FF3-7506-4672-801F-25E6F7A89F06} = {1C22EC72-EE23-4FF8-89A8-4C02D58D829A}
		{5A3E5E16-45E3-4B4E-8154-6F60B05A69EA} = {28B87849-2406-428B-85CF-E46C950CD53D}
		{848E22E4-495B-416F-BD26-06B3A16119F4} = {F04EDF63-8E60-4D0A-8431-5CC3C77E1329}
		{5E46A34A-1F1F-4787-85B4-16C03DC50E03} = {F04EDF63-8E60-4D0A-8431-5CC3C77E1329}
	EndGlobalSection
EndGlobal
